
Microsoft Visual Studio Solution File, Format Version 12.00
# Visual Studio 15
VisualStudioVersion = 15.0.28010.2016
MinimumVisualStudioVersion = 10.0.40219.1
Project("{FAE04EC0-301F-11D3-BF4B-00C04F79EFBC}") = "Students", "Students\Students.csproj", "{89579448-25CC-4533-9FED-5BAE5B82B73B}"
EndProject
Global
	GlobalSection(SolutionConfigurationPlatforms) = preSolution
		Debug|Any CPU = Debug|Any CPU
		Release|Any CPU = Release|Any CPU
	EndGlobalSection
	GlobalSection(ProjectConfigurationPlatforms) = postSolution
		{89579448-25CC-4533-9FED-5BAE5B82B73B}.Debug|Any CPU.ActiveCfg = Debug|Any CPU
		{89579448-25CC-4533-9FED-5BAE5B82B73B}.Debug|Any CPU.Build.0 = Debug|Any CPU
		{89579448-25CC-4533-9FED-5BAE5B82B73B}.Release|Any CPU.ActiveCfg = Release|Any CPU
		{89579448-25CC-4533-9FED-5BAE5B82B73B}.Release|Any CPU.Build.0 = Release|Any CPU
	EndGlobalSection
	GlobalSection(SolutionProperties) = preSolution
		HideSolutionNode = FALSE
	EndGlobalSection
	GlobalSection(ExtensibilityGlobals) = postSolution
		SolutionGuid = {55873BF2-4F64-4CE0-9589-036A16958CC5}
	EndGlobalSection
EndGlobal
